
Microsoft Visual Studio Solution File, Format Version 12.00
# Visual Studio Version 16
VisualStudioVersion = 16.0.30309.148
MinimumVisualStudioVersion = 10.0.40219.1
Project("{FAE04EC0-301F-11D3-BF4B-00C04F79EFBC}") = "Menu Loop", "Menu Loop.csproj", "{43CF9146-8DCC-43E2-A94B-055B508F4084}"
EndProject
Global
	GlobalSection(SolutionConfigurationPlatforms) = preSolution
		Debug|Any CPU = Debug|Any CPU
		Release|Any CPU = Release|Any CPU
	EndGlobalSection
	GlobalSection(ProjectConfigurationPlatforms) = postSolution
		{43CF9146-8DCC-43E2-A94B-055B508F4084}.Debug|Any CPU.ActiveCfg = Debug|Any CPU
		{43CF9146-8DCC-43E2-A94B-055B508F4084}.Debug|Any CPU.Build.0 = Debug|Any CPU
		{43CF9146-8DCC-43E2-A94B-055B508F4084}.Release|Any CPU.ActiveCfg = Release|Any CPU
		{43CF9146-8DCC-43E2-A94B-055B508F4084}.Release|Any CPU.Build.0 = Release|Any CPU
	EndGlobalSection
	GlobalSection(SolutionProperties) = preSolution
		HideSolutionNode = FALSE
	EndGlobalSection
	GlobalSection(ExtensibilityGlobals) = postSolution
		SolutionGuid = {C138F32F-8D33-486C-882B-5FB03E25ACD3}
	EndGlobalSection
EndGlobal
